
Microsoft Visual Studio Solution File, Format Version 12.00
# Visual Studio 15
VisualStudioVersion = 15.0.28307.168
MinimumVisualStudioVersion = 10.0.40219.1
Project("{FAE04EC0-301F-11D3-BF4B-00C04F79EFBC}") = "Bir Kelime Bir İşlem", "Bir Kelime Bir İşlem\Bir Kelime Bir İşlem.csproj", "{DC22BFF4-BC2E-4744-8916-C8E333EAFF9E}"
EndProject
Project("{54435603-DBB4-11D2-8724-00A0C9A8B90C}") = "Kelime İşlem Setup", "Kelime İşlem Setup\Kelime İşlem Setup.vdproj", "{6D16FFD7-6381-4669-BA3D-3C72B8761086}"
EndProject
Global
	GlobalSection(SolutionConfigurationPlatforms) = preSolution
		Debug|Any CPU = Debug|Any CPU
		Release|Any CPU = Release|Any CPU
	EndGlobalSection
	GlobalSection(ProjectConfigurationPlatforms) = postSolution
		{DC22BFF4-BC2E-4744-8916-C8E333EAFF9E}.Debug|Any CPU.ActiveCfg = Debug|Any CPU
		{DC22BFF4-BC2E-4744-8916-C8E333EAFF9E}.Debug|Any CPU.Build.0 = Debug|Any CPU
		{DC22BFF4-BC2E-4744-8916-C8E333EAFF9E}.Release|Any CPU.ActiveCfg = Release|Any CPU
		{DC22BFF4-BC2E-4744-8916-C8E333EAFF9E}.Release|Any CPU.Build.0 = Release|Any CPU
		{6D16FFD7-6381-4669-BA3D-3C72B8761086}.Debug|Any CPU.ActiveCfg = Debug
		{6D16FFD7-6381-4669-BA3D-3C72B8761086}.Release|Any CPU.ActiveCfg = Release
	EndGlobalSection
	GlobalSection(SolutionProperties) = preSolution
		HideSolutionNode = FALSE
	EndGlobalSection
	GlobalSection(ExtensibilityGlobals) = postSolution
		SolutionGuid = {75361BD2-EC0C-407A-99EC-4CBE62C38BBE}
	EndGlobalSection
EndGlobal
